PODS:
  - UIExpandableCVCellKit (1.02)

DEPENDENCIES:
  - UIExpandableCVCellKit (from `/Users/yungdai/Documents/Working Code/UIExpandableCVCellKit`)

EXTERNAL SOURCES:
  UIExpandableCVCellKit:
    :path: "/Users/yungdai/Documents/Working Code/UIExpandableCVCellKit"

SPEC CHECKSUMS:
  UIExpandableCVCellKit: ed7eda31e3623e3029b72823a701d295aaa20a64

PODFILE CHECKSUM: 93aef9214c6996705f70d3e9639e1a5efb64985e

COCOAPODS: 1.7.1
