PODS:
  - UIExpandableCVCellKit (1.03)

DEPENDENCIES:
  - "UIExpandableCVCellKit (from `/Users/yungdai/Yung's Respositories/UIExpandableCVCellKit`)"

EXTERNAL SOURCES:
  UIExpandableCVCellKit:
    :path: "/Users/yungdai/Yung's Respositories/UIExpandableCVCellKit"

SPEC CHECKSUMS:
  UIExpandableCVCellKit: 8f79fbb4eed637e9f2ea0d014298b85879e3d47d

PODFILE CHECKSUM: 85cd343c93ff6844eec27b784a234021bd8c5f3e

COCOAPODS: 1.7.5
